
Microsoft Visual Studio Solution File, Format Version 12.00
# Visual Studio 15
VisualStudioVersion = 15.0.28010.2041
MinimumVisualStudioVersion = 10.0.40219.1
Project("{8BC9CEB8-8B4A-11D0-8D11-00A0C91BC942}") = "cpp_mode", "cpp_mode.vcxproj", "{4B124BD5-B94C-4508-9782-62A756333BAA}"
EndProject
Global
	GlobalSection(SolutionConfigurationPlatforms) = preSolution
		Debug|x86 = Debug|x86
		Release|x86 = Release|x86
	EndGlobalSection
	GlobalSection(ProjectConfigurationPlatforms) = postSolution
		{4B124BD5-B94C-4508-9782-62A756333BAA}.Debug|x86.ActiveCfg = Debug|Win32
		{4B124BD5-B94C-4508-9782-62A756333BAA}.Debug|x86.Build.0 = Debug|Win32
		{4B124BD5-B94C-4508-9782-62A756333BAA}.Release|x86.ActiveCfg = Release|Win32
		{4B124BD5-B94C-4508-9782-62A756333BAA}.Release|x86.Build.0 = Release|Win32
	EndGlobalSection
	GlobalSection(SolutionProperties) = preSolution
		HideSolutionNode = FALSE
	EndGlobalSection
	GlobalSection(ExtensibilityGlobals) = postSolution
		SolutionGuid = {8255DECB-AEB4-48EC-A700-0E14A9FC2533}
	EndGlobalSection
EndGlobal
